// !$*UTF8*$!
{
	archiveVersion = 1;
	classes = {
	};
	objectVersion = 50;
	objects = {

/* Begin PBXBuildFile section */
		93444977212D6CC700CD3F97 /* AppDelegate.swift in Sources */ = {isa = PBXBuildFile; fileRef = 93444976212D6CC700CD3F97 /* AppDelegate.swift */; };
		9344497C212D6CC700CD3F97 /* Main.storyboard in Resources */ = {isa = PBXBuildFile; fileRef = 9344497A212D6CC700CD3F97 /* Main.storyboard */; };
		9344497E212D6CC900CD3F97 /* Assets.xcassets in Resources */ = {isa = PBXBuildFile; fileRef = 9344497D212D6CC900CD3F97 /* Assets.xcassets */; };
		93444981212D6CC900CD3F97 /* LaunchScreen.storyboard in Resources */ = {isa = PBXBuildFile; fileRef = 9344497F212D6CC900CD3F97 /* LaunchScreen.storyboard */; };
		9344498C212D6CC900CD3F97 /* musicPlayer4METests.swift in Sources */ = {isa = PBXBuildFile; fileRef = 9344498B212D6CC900CD3F97 /* musicPlayer4METests.swift */; };
		93444997212D758900CD3F97 /* SearchMusicViewController.swift in Sources */ = {isa = PBXBuildFile; fileRef = 93444996212D758900CD3F97 /* SearchMusicViewController.swift */; };
		93444999212D777700CD3F97 /* PlayMusicViewController.swift in Sources */ = {isa = PBXBuildFile; fileRef = 93444998212D777700CD3F97 /* PlayMusicViewController.swift */; };
/* End PBXBuildFile section */

/* Begin PBXContainerItemProxy section */
		93444988212D6CC900CD3F97 /* PBXContainerItemProxy */ = {
			isa = PBXContainerItemProxy;
			containerPortal = 9344496B212D6CC700CD3F97 /* Project object */;
			proxyType = 1;
			remoteGlobalIDString = 93444972212D6CC700CD3F97;
			remoteInfo = musicPlayer4ME;
		};
/* End PBXContainerItemProxy section */

/* Begin PBXFileReference section */
		93444973212D6CC700CD3F97 /* musicPlayer4ME.app */ = {isa = PBXFileReference; explicitFileType = wrapper.application; includeInIndex = 0; path = musicPlayer4ME.app; sourceTree = BUILT_PRODUCTS_DIR; };
		93444976212D6CC700CD3F97 /* AppDelegate.swift */ = {isa = PBXFileReference; lastKnownFileType = sourcecode.swift; path = AppDelegate.swift; sourceTree = "<group>"; };
		9344497B212D6CC700CD3F97 /* Base */ = {isa = PBXFileReference; lastKnownFileType = file.storyboard; name = Base; path = Base.lproj/Main.storyboard; sourceTree = "<group>"; };
		9344497D212D6CC900CD3F97 /* Assets.xcassets */ = {isa = PBXFileReference; lastKnownFileType = folder.assetcatalog; path = Assets.xcassets; sourceTree = "<group>"; };
		93444980212D6CC900CD3F97 /* Base */ = {isa = PBXFileReference; lastKnownFileType = file.storyboard; name = Base; path = Base.lproj/LaunchScreen.storyboard; sourceTree = "<group>"; };
		93444982212D6CC900CD3F97 /* Info.plist */ = {isa = PBXFileReference; lastKnownFileType = text.plist.xml; path = Info.plist; sourceTree = "<group>"; };
		93444987212D6CC900CD3F97 /* musicPlayer4METests.xctest */ = {isa = PBXFileReference; explicitFileType = wrapper.cfbundle; includeInIndex = 0; path = musicPlayer4METests.xctest; sourceTree = BUILT_PRODUCTS_DIR; };
		9344498B212D6CC900CD3F97 /* musicPlayer4METests.swift */ = {isa = PBXFileReference; lastKnownFileType = sourcecode.swift; path = musicPlayer4METests.swift; sourceTree = "<group>"; };
		9344498D212D6CC900CD3F97 /* Info.plist */ = {isa = PBXFileReference; lastKnownFileType = text.plist.xml; path = Info.plist; sourceTree = "<group>"; };
		93444996212D758900CD3F97 /* SearchMusicViewController.swift */ = {isa = PBXFileReference; lastKnownFileType = sourcecode.swift; path = SearchMusicViewController.swift; sourceTree = "<group>"; };
		93444998212D777700CD3F97 /* PlayMusicViewController.swift */ = {isa = PBXFileReference; lastKnownFileType = sourcecode.swift; path = PlayMusicViewController.swift; sourceTree = "<group>"; };
/* End PBXFileReference section */

/* Begin PBXFrameworksBuildPhase section */
		93444970212D6CC700CD3F97 /* Frameworks */ = {
			isa = PBXFrameworksBuildPhase;
			buildActionMask = 2147483647;
			files = (
			);
			runOnlyForDeploymentPostprocessing = 0;
		};
		93444984212D6CC900CD3F97 /* Frameworks */ = {
			isa = PBXFrameworksBuildPhase;
			buildActionMask = 2147483647;
			files = (
			);
			runOnlyForDeploymentPostprocessing = 0;
		};
/* End PBXFrameworksBuildPhase section */

/* Begin PBXGroup section */
		9344496A212D6CC700CD3F97 = {
			isa = PBXGroup;
			children = (
				93444975212D6CC700CD3F97 /* musicPlayer4ME */,
				9344498A212D6CC900CD3F97 /* musicPlayer4METests */,
				93444974212D6CC700CD3F97 /* Products */,
			);
			sourceTree = "<group>";
		};
		93444974212D6CC700CD3F97 /* Products */ = {
			isa = PBXGroup;
			children = (
				93444973212D6CC700CD3F97 /* musicPlayer4ME.app */,
				93444987212D6CC900CD3F97 /* musicPlayer4METests.xctest */,
			);
			name = Products;
			sourceTree = "<group>";
		};
		93444975212D6CC700CD3F97 /* musicPlayer4ME */ = {
			isa = PBXGroup;
			children = (
				93444976212D6CC700CD3F97 /* AppDelegate.swift */,
				93444996212D758900CD3F97 /* SearchMusicViewController.swift */,
				93444998212D777700CD3F97 /* PlayMusicViewController.swift */,
				9344497A212D6CC700CD3F97 /* Main.storyboard */,
				9344497D212D6CC900CD3F97 /* Assets.xcassets */,
				9344497F212D6CC900CD3F97 /* LaunchScreen.storyboard */,
				93444982212D6CC900CD3F97 /* Info.plist */,
			);
			path = musicPlayer4ME;
			sourceTree = "<group>";
		};
		9344498A212D6CC900CD3F97 /* musicPlayer4METests */ = {
			isa = PBXGroup;
			children = (
				9344498B212D6CC900CD3F97 /* musicPlayer4METests.swift */,
				9344498D212D6CC900CD3F97 /* Info.plist */,
			);
			path = musicPlayer4METests;
			sourceTree = "<group>";
		};
/* End PBXGroup section */

/* Begin PBXNativeTarget section */
		93444972212D6CC700CD3F97 /* musicPlayer4ME */ = {
			isa = PBXNativeTarget;
			buildConfigurationList = 93444990212D6CC900CD3F97 /* Build configuration list for PBXNativeTarget "musicPlayer4ME" */;
			buildPhases = (
				9344496F212D6CC700CD3F97 /* Sources */,
				93444970212D6CC700CD3F97 /* Frameworks */,
				93444971212D6CC700CD3F97 /* Resources */,
			);
			buildRules = (
			);
			dependencies = (
			);
			name = musicPlayer4ME;
			productName = musicPlayer4ME;
			productReference = 93444973212D6CC700CD3F97 /* musicPlayer4ME.app */;
			productType = "com.apple.product-type.application";
		};
		93444986212D6CC900CD3F97 /* musicPlayer4METests */ = {
			isa = PBXNativeTarget;
			buildConfigurationList = 93444993212D6CC900CD3F97 /* Build configuration list for PBXNativeTarget "musicPlayer4METests" */;
			buildPhases = (
				93444983212D6CC900CD3F97 /* Sources */,
				93444984212D6CC900CD3F97 /* Frameworks */,
				93444985212D6CC900CD3F97 /* Resources */,
			);
			buildRules = (
			);
			dependencies = (
				93444989212D6CC900CD3F97 /* PBXTargetDependency */,
			);
			name = musicPlayer4METests;
			productName = musicPlayer4METests;
			productReference = 93444987212D6CC900CD3F97 /* musicPlayer4METests.xctest */;
			productType = "com.apple.product-type.bundle.unit-test";
		};
/* End PBXNativeTarget section */

/* Begin PBXProject section */
		9344496B212D6CC700CD3F97 /* Project object */ = {
			isa = PBXProject;
			attributes = {
				LastSwiftUpdateCheck = 0940;
				LastUpgradeCheck = 0940;
				ORGANIZATIONNAME = "주호박";
				TargetAttributes = {
					93444972212D6CC700CD3F97 = {
						CreatedOnToolsVersion = 9.4.1;
					};
					93444986212D6CC900CD3F97 = {
						CreatedOnToolsVersion = 9.4.1;
						TestTargetID = 93444972212D6CC700CD3F97;
					};
				};
			};
			buildConfigurationList = 9344496E212D6CC700CD3F97 /* Build configuration list for PBXProject "musicPlayer4ME" */;
			compatibilityVersion = "Xcode 9.3";
			developmentRegion = en;
			hasScannedForEncodings = 0;
			knownRegions = (
				en,
				Base,
			);
			mainGroup = 9344496A212D6CC700CD3F97;
			productRefGroup = 93444974212D6CC700CD3F97 /* Products */;
			projectDirPath = "";
			projectRoot = "";
			targets = (
				93444972212D6CC700CD3F97 /* musicPlayer4ME */,
				93444986212D6CC900CD3F97 /* musicPlayer4METests */,
			);
		};
/* End PBXProject section */

/* Begin PBXResourcesBuildPhase section */
		93444971212D6CC700CD3F97 /* Resources */ = {
			isa = PBXResourcesBuildPhase;
			buildActionMask = 2147483647;
			files = (
				93444981212D6CC900CD3F97 /* LaunchScreen.storyboard in Resources */,
				9344497E212D6CC900CD3F97 /* Assets.xcassets in Resources */,
				9344497C212D6CC700CD3F97 /* Main.storyboard in Resources */,
			);
			runOnlyForDeploymentPostprocessing = 0;
		};
		93444985212D6CC900CD3F97 /* Resources */ = {
			isa = PBXResourcesBuildPhase;
			buildActionMask = 2147483647;
			files = (
			);
			runOnlyForDeploymentPostprocessing = 0;
		};
/* End PBXResourcesBuildPhase section */

/* Begin PBXSourcesBuildPhase section */
		9344496F212D6CC700CD3F97 /* Sources */ = {
			isa = PBXSourcesBuildPhase;
			buildActionMask = 2147483647;
			files = (
				93444997212D758900CD3F97 /* SearchMusicViewController.swift in Sources */,
				93444999212D777700CD3F97 /* PlayMusicViewController.swift in Sources */,
				93444977212D6CC700CD3F97 /* AppDelegate.swift in Sources */,
			);
			runOnlyForDeploymentPostprocessing = 0;
		};
		93444983212D6CC900CD3F97 /* Sources */ = {
			isa = PBXSourcesBuildPhase;
			buildActionMask = 2147483647;
			files = (
				9344498C212D6CC900CD3F97 /* musicPlayer4METests.swift in Sources */,
			);
			runOnlyForDeploymentPostprocessing = 0;
		};
/* End PBXSourcesBuildPhase section */

/* Begin PBXTargetDependency section */
		93444989212D6CC900CD3F97 /* PBXTargetDependency */ = {
			isa = PBXTargetDependency;
			target = 93444972212D6CC700CD3F97 /* musicPlayer4ME */;
			targetProxy = 93444988212D6CC900CD3F97 /* PBXContainerItemProxy */;
		};
/* End PBXTargetDependency section */

/* Begin PBXVariantGroup section */
		9344497A212D6CC700CD3F97 /* Main.storyboard */ = {
			isa = PBXVariantGroup;
			children = (
				9344497B212D6CC700CD3F97 /* Base */,
			);
			name = Main.storyboard;
			sourceTree = "<group>";
		};
		9344497F212D6CC900CD3F97 /* LaunchScreen.storyboard */ = {
			isa = PBXVariantGroup;
			children = (
				93444980212D6CC900CD3F97 /* Base */,
			);
			name = LaunchScreen.storyboard;
			sourceTree = "<group>";
		};
/* End PBXVariantGroup section */

/* Begin XCBuildConfiguration section */
		9344498E212D6CC900CD3F97 /* Debug */ = {
			isa = XCBuildConfiguration;
			buildSettings = {
				ALWAYS_SEARCH_USER_PATHS = NO;
				CLANG_ANALYZER_NONNULL = YES;
				CLANG_ANALYZER_NUMBER_OBJECT_CONVERSION = YES_AGGRESSIVE;
				CLANG_CXX_LANGUAGE_STANDARD = "gnu++14";
				CLANG_CXX_LIBRARY = "libc++";
				CLANG_ENABLE_MODULES = YES;
				CLANG_ENABLE_OBJC_ARC = YES;
				CLANG_ENABLE_OBJC_WEAK = YES;
				CLANG_WARN_BLOCK_CAPTURE_AUTORELEASING = YES;
				CLANG_WARN_BOOL_CONVERSION = YES;
				CLANG_WARN_COMMA = YES;
				CLANG_WARN_CONSTANT_CONVERSION = YES;
				CLANG_WARN_DEPRECATED_OBJC_IMPLEMENTATIONS = YES;
				CLANG_WARN_DIRECT_OBJC_ISA_USAGE = YES_ERROR;
				CLANG_WARN_DOCUMENTATION_COMMENTS = YES;
				CLANG_WARN_EMPTY_BODY = YES;
				CLANG_WARN_ENUM_CONVERSION = YES;
				CLANG_WARN_INFINITE_RECURSION = YES;
				CLANG_WARN_INT_CONVERSION = YES;
				CLANG_WARN_NON_LITERAL_NULL_CONVERSION = YES;
				CLANG_WARN_OBJC_IMPLICIT_RETAIN_SELF = YES;
				CLANG_WARN_OBJC_LITERAL_CONVERSION = YES;
				CLANG_WARN_OBJC_ROOT_CLASS = YES_ERROR;
				CLANG_WARN_RANGE_LOOP_ANALYSIS = YES;
				CLANG_WARN_STRICT_PROTOTYPES = YES;
				CLANG_WARN_SUSPICIOUS_MOVE = YES;
				CLANG_WARN_UNGUARDED_AVAILABILITY = YES_AGGRESSIVE;
				CLANG_WARN_UNREACHABLE_CODE = YES;
				CLANG_WARN__DUPLICATE_METHOD_MATCH = YES;
				CODE_SIGN_IDENTITY = "iPhone Developer";
				COPY_PHASE_STRIP = NO;
				DEBUG_INFORMATION_FORMAT = dwarf;
				ENABLE_STRICT_OBJC_MSGSEND = YES;
				ENABLE_TESTABILITY = YES;
				GCC_C_LANGUAGE_STANDARD = gnu11;
				GCC_DYNAMIC_NO_PIC = NO;
				GCC_NO_COMMON_BLOCKS = YES;
				GCC_OPTIMIZATION_LEVEL = 0;
				GCC_PREPROCESSOR_DEFINITIONS = (
					"DEBUG=1",
					"$(inherited)",
				);
				GCC_WARN_64_TO_32_BIT_CONVERSION = YES;
				GCC_WARN_ABOUT_RETURN_TYPE = YES_ERROR;
				GCC_WARN_UNDECLARED_SELECTOR = YES;
				GCC_WARN_UNINITIALIZED_AUTOS = YES_AGGRESSIVE;
				GCC_WARN_UNUSED_FUNCTION = YES;
				GCC_WARN_UNUSED_VARIABLE = YES;
				IPHONEOS_DEPLOYMENT_TARGET = 11.4;
				MTL_ENABLE_DEBUG_INFO = YES;
				ONLY_ACTIVE_ARCH = YES;
				SDKROOT = iphoneos;
				SWIFT_ACTIVE_COMPILATION_CONDITIONS = DEBUG;
				SWIFT_OPTIMIZATION_LEVEL = "-Onone";
			};
			name = Debug;
		};
		9344498F212D6CC900CD3F97 /* Release */ = {
			isa = XCBuildConfiguration;
			buildSettings = {
				ALWAYS_SEARCH_USER_PATHS = NO;
				CLANG_ANALYZER_NONNULL = YES;
				CLANG_ANALYZER_NUMBER_OBJECT_CONVERSION = YES_AGGRESSIVE;
				CLANG_CXX_LANGUAGE_STANDARD = "gnu++14";
				CLANG_CXX_LIBRARY = "libc++";
				CLANG_ENABLE_MODULES = YES;
				CLANG_ENABLE_OBJC_ARC = YES;
				CLANG_ENABLE_OBJC_WEAK = YES;
				CLANG_WARN_BLOCK_CAPTURE_AUTORELEASING = YES;
				CLANG_WARN_BOOL_CONVERSION = YES;
				CLANG_WARN_COMMA = YES;
				CLANG_WARN_CONSTANT_CONVERSION = YES;
				CLANG_WARN_DEPRECATED_OBJC_IMPLEMENTATIONS = YES;
				CLANG_WARN_DIRECT_OBJC_ISA_USAGE = YES_ERROR;
				CLANG_WARN_DOCUMENTATION_COMMENTS = YES;
				CLANG_WARN_EMPTY_BODY = YES;
				CLANG_WARN_ENUM_CONVERSION = YES;
				CLANG_WARN_INFINITE_RECURSION = YES;
				CLANG_WARN_INT_CONVERSION = YES;
				CLANG_WARN_NON_LITERAL_NULL_CONVERSION = YES;
				CLANG_WARN_OBJC_IMPLICIT_RETAIN_SELF = YES;
				CLANG_WARN_OBJC_LITERAL_CONVERSION = YES;
				CLANG_WARN_OBJC_ROOT_CLASS = YES_ERROR;
				CLANG_WARN_RANGE_LOOP_ANALYSIS = YES;
				CLANG_WARN_STRICT_PROTOTYPES = YES;
				CLANG_WARN_SUSPICIOUS_MOVE = YES;
				CLANG_WARN_UNGUARDED_AVAILABILITY = YES_AGGRESSIVE;
				CLANG_WARN_UNREACHABLE_CODE = YES;
				CLANG_WARN__DUPLICATE_METHOD_MATCH = YES;
				CODE_SIGN_IDENTITY = "iPhone Developer";
				COPY_PHASE_STRIP = NO;
				DEBUG_INFORMATION_FORMAT = "dwarf-with-dsym";
				ENABLE_NS_ASSERTIONS = NO;
				ENABLE_STRICT_OBJC_MSGSEND = YES;
				GCC_C_LANGUAGE_STANDARD = gnu11;
				GCC_NO_COMMON_BLOCKS = YES;
				GCC_WARN_64_TO_32_BIT_CONVERSION = YES;
				GCC_WARN_ABOUT_RETURN_TYPE = YES_ERROR;
				GCC_WARN_UNDECLARED_SELECTOR = YES;
				GCC_WARN_UNINITIALIZED_AUTOS = YES_AGGRESSIVE;
				GCC_WARN_UNUSED_FUNCTION = YES;
				GCC_WARN_UNUSED_VARIABLE = YES;
				IPHONEOS_DEPLOYMENT_TARGET = 11.4;
				MTL_ENABLE_DEBUG_INFO = NO;
				SDKROOT = iphoneos;
				SWIFT_COMPILATION_MODE = wholemodule;
				SWIFT_OPTIMIZATION_LEVEL = "-O";
				VALIDATE_PRODUCT = YES;
			};
			name = Release;
		};
		93444991212D6CC900CD3F97 /* Debug */ = {
			isa = XCBuildConfiguration;
			buildSettings = {
				ASSETCATALOG_COMPILER_APPICON_NAME = AppIcon;
				CODE_SIGN_STYLE = Automatic;
				DEVELOPMENT_TEAM = V4LDP442XN;
				INFOPLIST_FILE = musicPlayer4ME/Info.plist;
				LD_RUNPATH_SEARCH_PATHS = (
					"$(inherited)",
					"@executable_path/Frameworks",
				);
				PRODUCT_BUNDLE_IDENTIFIER = jhbob.musicPlayer4ME;
				PRODUCT_NAME = "$(TARGET_NAME)";
				SWIFT_VERSION = 4.0;
				TARGETED_DEVICE_FAMILY = "1,2";
			};
			name = Debug;
		};
		93444992212D6CC900CD3F97 /* Release */ = {
			isa = XCBuildConfiguration;
			buildSettings = {
				ASSETCATALOG_COMPILER_APPICON_NAME = AppIcon;
				CODE_SIGN_STYLE = Automatic;
				DEVELOPMENT_TEAM = V4LDP442XN;
				INFOPLIST_FILE = musicPlayer4ME/Info.plist;
				LD_RUNPATH_SEARCH_PATHS = (
					"$(inherited)",
					"@executable_path/Frameworks",
				);
				PRODUCT_BUNDLE_IDENTIFIER = jhbob.musicPlayer4ME;
				PRODUCT_NAME = "$(TARGET_NAME)";
				SWIFT_VERSION = 4.0;
				TARGETED_DEVICE_FAMILY = "1,2";
			};
			name = Release;
		};
		93444994212D6CC900CD3F97 /* Debug */ = {
			isa = XCBuildConfiguration;
			buildSettings = {
				ALWAYS_EMBED_SWIFT_STANDARD_LIBRARIES = YES;
				BUNDLE_LOADER = "$(TEST_HOST)";
				CODE_SIGN_STYLE = Automatic;
				DEVELOPMENT_TEAM = V4LDP442XN;
				INFOPLIST_FILE = musicPlayer4METests/Info.plist;
				LD_RUNPATH_SEARCH_PATHS = (
					"$(inherited)",
					"@executable_path/Frameworks",
					"@loader_path/Frameworks",
				);
				PRODUCT_BUNDLE_IDENTIFIER = jhbob.musicPlayer4METests;
				PRODUCT_NAME = "$(TARGET_NAME)";
				SWIFT_VERSION = 4.0;
				TARGETED_DEVICE_FAMILY = "1,2";
				TEST_HOST = "$(BUILT_PRODUCTS_DIR)/musicPlayer4ME.app/musicPlayer4ME";
			};
			name = Debug;
		};
		93444995212D6CC900CD3F97 /* Release */ = {
			isa = XCBuildConfiguration;
			buildSettings = {
				ALWAYS_EMBED_SWIFT_STANDARD_LIBRARIES = YES;
				BUNDLE_LOADER = "$(TEST_HOST)";
				CODE_SIGN_STYLE = Automatic;
				DEVELOPMENT_TEAM = V4LDP442XN;
				INFOPLIST_FILE = musicPlayer4METests/Info.plist;
				LD_RUNPATH_SEARCH_PATHS = (
					"$(inherited)",
					"@executable_path/Frameworks",
					"@loader_path/Frameworks",
				);
				PRODUCT_BUNDLE_IDENTIFIER = jhbob.musicPlayer4METests;
				PRODUCT_NAME = "$(TARGET_NAME)";
				SWIFT_VERSION = 4.0;
				TARGETED_DEVICE_FAMILY = "1,2";
				TEST_HOST = "$(BUILT_PRODUCTS_DIR)/musicPlayer4ME.app/musicPlayer4ME";
			};
			name = Release;
		};
/* End XCBuildConfiguration section */

/* Begin XCConfigurationList section */
		9344496E212D6CC700CD3F97 /* Build configuration list for PBXProject "musicPlayer4ME" */ = {
			isa = XCConfigurationList;
			buildConfigurations = (
				9344498E212D6CC900CD3F97 /* Debug */,
				9344498F212D6CC900CD3F97 /* Release */,
			);
			defaultConfigurationIsVisible = 0;
			defaultConfigurationName = Release;
		};
		93444990212D6CC900CD3F97 /* Build configuration list for PBXNativeTarget "musicPlayer4ME" */ = {
			isa = XCConfigurationList;
			buildConfigurations = (
				93444991212D6CC900CD3F97 /* Debug */,
				93444992212D6CC900CD3F97 /* Release */,
			);
			defaultConfigurationIsVisible = 0;
			defaultConfigurationName = Release;
		};
		93444993212D6CC900CD3F97 /* Build configuration list for PBXNativeTarget "musicPlayer4METests" */ = {
			isa = XCConfigurationList;
			buildConfigurations = (
				93444994212D6CC900CD3F97 /* Debug */,
				93444995212D6CC900CD3F97 /* Release */,
			);
			defaultConfigurationIsVisible = 0;
			defaultConfigurationName = Release;
		};
/* End XCConfigurationList section */
	};
	rootObject = 9344496B212D6CC700CD3F97 /* Project object */;
}
